
Microsoft Visual Studio Solution File, Format Version 12.00
# Visual Studio 14
VisualStudioVersion = 14.0.25420.1
MinimumVisualStudioVersion = 10.0.40219.1
Project("{FAE04EC0-301F-11D3-BF4B-00C04F79EFBC}") = "WpfApplication1", "WpfApplication1\WpfApplication1.csproj", "{BE752EA3-A3A8-42E4-8622-724F4D74BF21}"
EndProject
Global
	GlobalSection(SolutionConfigurationPlatforms) = preSolution
		Debug|Any CPU = Debug|Any CPU
		Release|Any CPU = Release|Any CPU
	EndGlobalSection
	GlobalSection(ProjectConfigurationPlatforms) = postSolution
		{BE752EA3-A3A8-42E4-8622-724F4D74BF21}.Debug|Any CPU.ActiveCfg = Debug|Any CPU
		{BE752EA3-A3A8-42E4-8622-724F4D74BF21}.Debug|Any CPU.Build.0 = Debug|Any CPU
		{BE752EA3-A3A8-42E4-8622-724F4D74BF21}.Release|Any CPU.ActiveCfg = Release|Any CPU
		{BE752EA3-A3A8-42E4-8622-724F4D74BF21}.Release|Any CPU.Build.0 = Release|Any CPU
	EndGlobalSection
	GlobalSection(SolutionProperties) = preSolution
		HideSolutionNode = FALSE
	EndGlobalSection
EndGlobal
