
Microsoft Visual Studio Solution File, Format Version 12.00
# Visual Studio Version 16
VisualStudioVersion = 16.0.30002.166
MinimumVisualStudioVersion = 10.0.40219.1
Project("{FAE04EC0-301F-11D3-BF4B-00C04F79EFBC}") = "1.2使用CSharp创建线程", "1.2使用CSharp创建线程\1.2使用CSharp创建线程\1.2使用CSharp创建线程.csproj", "{30235E5E-951B-464B-A5B8-BBEE0A1661B2}"
EndProject
Project("{FAE04EC0-301F-11D3-BF4B-00C04F79EFBC}") = "1.4.2线程等待", "1.4.2线程等待\1.4.2线程等待.csproj", "{E19781ED-F32E-46AC-9C58-7C2F57FBBCBD}"
EndProject
Project("{FAE04EC0-301F-11D3-BF4B-00C04F79EFBC}") = "1.5.3终止线程(不推荐)", "1.5.3终止线程(不推荐)\1.5.3终止线程(不推荐).csproj", "{7BA16F2D-83F2-4EDB-8131-D090ED7CB39E}"
EndProject
Project("{FAE04EC0-301F-11D3-BF4B-00C04F79EFBC}") = "1.6检测线程状态", "1.6检测线程状态\1.6检测线程状态\1.6检测线程状态.csproj", "{C78902EA-ADEC-4B4C-871B-6D99C087A8D1}"
EndProject
Project("{9A19103F-16F7-4668-BE54-9A1E7A4F7556}") = "1.7 线程优先级", "1.7 线程优先级\1.7 线程优先级.csproj", "{C2776C36-03BA-41F8-B79D-F8A0EF954D95}"
EndProject
Project("{9A19103F-16F7-4668-BE54-9A1E7A4F7556}") = "1.8前台线程和后台线程", "1.8前台线程和后台线程\1.8前台线程和后台线程.csproj", "{68AD93D2-F26B-41B7-81BC-0004145CEA9A}"
EndProject
Project("{9A19103F-16F7-4668-BE54-9A1E7A4F7556}") = "1.9向线程传递参数", "1.9向线程传递参数\1.9向线程传递参数.csproj", "{9B46F8AB-5A34-4321-A1DE-FE6841D0A20B}"
EndProject
Project("{9A19103F-16F7-4668-BE54-9A1E7A4F7556}") = "1.10使用CSharp中的lock关键字", "1.10使用CSharp中的lock关键字\1.10使用CSharp中的lock关键字.csproj", "{03CC2CFA-4F44-48A2-B50B-74C86A773C35}"
EndProject
Project("{9A19103F-16F7-4668-BE54-9A1E7A4F7556}") = "1.11使用Monitor类锁定资源", "1.11使用Monitor类锁定资源\1.11使用Monitor类锁定资源.csproj", "{5D49DEE7-7A3E-4308-B4C3-33952F1E27DA}"
EndProject
Project("{9A19103F-16F7-4668-BE54-9A1E7A4F7556}") = "1.12处理异常", "1.12处理异常\1.12处理异常.csproj", "{9593E39F-B490-4AEF-8948-DD5F6AF4134E}"
EndProject
Project("{9A19103F-16F7-4668-BE54-9A1E7A4F7556}") = "2.2执行基本的原子操作", "2.2执行基本的原子操作\2.2执行基本的原子操作.csproj", "{27908D0D-B79C-46AA-915B-732DDE211C7D}"
EndProject
Project("{9A19103F-16F7-4668-BE54-9A1E7A4F7556}") = "6.2使用ConCurrentDictionary", "6.2使用ConCurrentDictionary\6.2使用ConCurrentDictionary.csproj", "{B1A37A97-3BFB-4600-BA21-364CF06E3896}"
EndProject
Project("{9A19103F-16F7-4668-BE54-9A1E7A4F7556}") = "2.3使用Mutex类", "2.3使用Mutex类\2.3使用Mutex类.csproj", "{D0876B7C-2B95-44BE-9DB1-54DF1EAA5C62}"
EndProject
Project("{9A19103F-16F7-4668-BE54-9A1E7A4F7556}") = "2.4使用SemaphoreSlim", "2.4使用SemaphoreSlim\2.4使用SemaphoreSlim.csproj", "{C793E5AF-2E64-4C00-9E6F-E272E9889440}"
EndProject
Project("{FAE04EC0-301F-11D3-BF4B-00C04F79EFBC}") = "2.5使用AutoResetEvent类", "2.5使用AutoResetEvent类\2.5使用AutoResetEvent类.csproj", "{58CD3D6D-D183-4AB0-AD84-B6E311DC1877}"
EndProject
Project("{FAE04EC0-301F-11D3-BF4B-00C04F79EFBC}") = "2.6使用ManualResetEventSlim", "2.6使用ManualResetEventSlim\2.6使用ManualResetEventSlim.csproj", "{1C8C5443-17FB-49EE-A4E6-18E2A4216754}"
EndProject
Global
	GlobalSection(SolutionConfigurationPlatforms) = preSolution
		Debug|Any CPU = Debug|Any CPU
		Release|Any CPU = Release|Any CPU
	EndGlobalSection
	GlobalSection(ProjectConfigurationPlatforms) = postSolution
		{30235E5E-951B-464B-A5B8-BBEE0A1661B2}.Debug|Any CPU.ActiveCfg = Debug|Any CPU
		{30235E5E-951B-464B-A5B8-BBEE0A1661B2}.Debug|Any CPU.Build.0 = Debug|Any CPU
		{30235E5E-951B-464B-A5B8-BBEE0A1661B2}.Release|Any CPU.ActiveCfg = Release|Any CPU
		{30235E5E-951B-464B-A5B8-BBEE0A1661B2}.Release|Any CPU.Build.0 = Release|Any CPU
		{E19781ED-F32E-46AC-9C58-7C2F57FBBCBD}.Debug|Any CPU.ActiveCfg = Debug|Any CPU
		{E19781ED-F32E-46AC-9C58-7C2F57FBBCBD}.Debug|Any CPU.Build.0 = Debug|Any CPU
		{E19781ED-F32E-46AC-9C58-7C2F57FBBCBD}.Release|Any CPU.ActiveCfg = Release|Any CPU
		{E19781ED-F32E-46AC-9C58-7C2F57FBBCBD}.Release|Any CPU.Build.0 = Release|Any CPU
		{7BA16F2D-83F2-4EDB-8131-D090ED7CB39E}.Debug|Any CPU.ActiveCfg = Debug|Any CPU
		{7BA16F2D-83F2-4EDB-8131-D090ED7CB39E}.Debug|Any CPU.Build.0 = Debug|Any CPU
		{7BA16F2D-83F2-4EDB-8131-D090ED7CB39E}.Release|Any CPU.ActiveCfg = Release|Any CPU
		{7BA16F2D-83F2-4EDB-8131-D090ED7CB39E}.Release|Any CPU.Build.0 = Release|Any CPU
		{C78902EA-ADEC-4B4C-871B-6D99C087A8D1}.Debug|Any CPU.ActiveCfg = Debug|Any CPU
		{C78902EA-ADEC-4B4C-871B-6D99C087A8D1}.Debug|Any CPU.Build.0 = Debug|Any CPU
		{C78902EA-ADEC-4B4C-871B-6D99C087A8D1}.Release|Any CPU.ActiveCfg = Release|Any CPU
		{C78902EA-ADEC-4B4C-871B-6D99C087A8D1}.Release|Any CPU.Build.0 = Release|Any CPU
		{C2776C36-03BA-41F8-B79D-F8A0EF954D95}.Debug|Any CPU.ActiveCfg = Debug|Any CPU
		{C2776C36-03BA-41F8-B79D-F8A0EF954D95}.Debug|Any CPU.Build.0 = Debug|Any CPU
		{C2776C36-03BA-41F8-B79D-F8A0EF954D95}.Release|Any CPU.ActiveCfg = Release|Any CPU
		{C2776C36-03BA-41F8-B79D-F8A0EF954D95}.Release|Any CPU.Build.0 = Release|Any CPU
		{68AD93D2-F26B-41B7-81BC-0004145CEA9A}.Debug|Any CPU.ActiveCfg = Debug|Any CPU
		{68AD93D2-F26B-41B7-81BC-0004145CEA9A}.Debug|Any CPU.Build.0 = Debug|Any CPU
		{68AD93D2-F26B-41B7-81BC-0004145CEA9A}.Release|Any CPU.ActiveCfg = Release|Any CPU
		{68AD93D2-F26B-41B7-81BC-0004145CEA9A}.Release|Any CPU.Build.0 = Release|Any CPU
		{9B46F8AB-5A34-4321-A1DE-FE6841D0A20B}.Debug|Any CPU.ActiveCfg = Debug|Any CPU
		{9B46F8AB-5A34-4321-A1DE-FE6841D0A20B}.Debug|Any CPU.Build.0 = Debug|Any CPU
		{9B46F8AB-5A34-4321-A1DE-FE6841D0A20B}.Release|Any CPU.ActiveCfg = Release|Any CPU
		{9B46F8AB-5A34-4321-A1DE-FE6841D0A20B}.Release|Any CPU.Build.0 = Release|Any CPU
		{03CC2CFA-4F44-48A2-B50B-74C86A773C35}.Debug|Any CPU.ActiveCfg = Debug|Any CPU
		{03CC2CFA-4F44-48A2-B50B-74C86A773C35}.Debug|Any CPU.Build.0 = Debug|Any CPU
		{03CC2CFA-4F44-48A2-B50B-74C86A773C35}.Release|Any CPU.ActiveCfg = Release|Any CPU
		{03CC2CFA-4F44-48A2-B50B-74C86A773C35}.Release|Any CPU.Build.0 = Release|Any CPU
		{5D49DEE7-7A3E-4308-B4C3-33952F1E27DA}.Debug|Any CPU.ActiveCfg = Debug|Any CPU
		{5D49DEE7-7A3E-4308-B4C3-33952F1E27DA}.Debug|Any CPU.Build.0 = Debug|Any CPU
		{5D49DEE7-7A3E-4308-B4C3-33952F1E27DA}.Release|Any CPU.ActiveCfg = Release|Any CPU
		{5D49DEE7-7A3E-4308-B4C3-33952F1E27DA}.Release|Any CPU.Build.0 = Release|Any CPU
		{9593E39F-B490-4AEF-8948-DD5F6AF4134E}.Debug|Any CPU.ActiveCfg = Debug|Any CPU
		{9593E39F-B490-4AEF-8948-DD5F6AF4134E}.Debug|Any CPU.Build.0 = Debug|Any CPU
		{9593E39F-B490-4AEF-8948-DD5F6AF4134E}.Release|Any CPU.ActiveCfg = Release|Any CPU
		{9593E39F-B490-4AEF-8948-DD5F6AF4134E}.Release|Any CPU.Build.0 = Release|Any CPU
		{27908D0D-B79C-46AA-915B-732DDE211C7D}.Debug|Any CPU.ActiveCfg = Debug|Any CPU
		{27908D0D-B79C-46AA-915B-732DDE211C7D}.Debug|Any CPU.Build.0 = Debug|Any CPU
		{27908D0D-B79C-46AA-915B-732DDE211C7D}.Release|Any CPU.ActiveCfg = Release|Any CPU
		{27908D0D-B79C-46AA-915B-732DDE211C7D}.Release|Any CPU.Build.0 = Release|Any CPU
		{B1A37A97-3BFB-4600-BA21-364CF06E3896}.Debug|Any CPU.ActiveCfg = Debug|Any CPU
		{B1A37A97-3BFB-4600-BA21-364CF06E3896}.Debug|Any CPU.Build.0 = Debug|Any CPU
		{B1A37A97-3BFB-4600-BA21-364CF06E3896}.Release|Any CPU.ActiveCfg = Release|Any CPU
		{B1A37A97-3BFB-4600-BA21-364CF06E3896}.Release|Any CPU.Build.0 = Release|Any CPU
		{D0876B7C-2B95-44BE-9DB1-54DF1EAA5C62}.Debug|Any CPU.ActiveCfg = Debug|Any CPU
		{D0876B7C-2B95-44BE-9DB1-54DF1EAA5C62}.Debug|Any CPU.Build.0 = Debug|Any CPU
		{D0876B7C-2B95-44BE-9DB1-54DF1EAA5C62}.Release|Any CPU.ActiveCfg = Release|Any CPU
		{D0876B7C-2B95-44BE-9DB1-54DF1EAA5C62}.Release|Any CPU.Build.0 = Release|Any CPU
		{C793E5AF-2E64-4C00-9E6F-E272E9889440}.Debug|Any CPU.ActiveCfg = Debug|Any CPU
		{C793E5AF-2E64-4C00-9E6F-E272E9889440}.Debug|Any CPU.Build.0 = Debug|Any CPU
		{C793E5AF-2E64-4C00-9E6F-E272E9889440}.Release|Any CPU.ActiveCfg = Release|Any CPU
		{C793E5AF-2E64-4C00-9E6F-E272E9889440}.Release|Any CPU.Build.0 = Release|Any CPU
		{58CD3D6D-D183-4AB0-AD84-B6E311DC1877}.Debug|Any CPU.ActiveCfg = Debug|Any CPU
		{58CD3D6D-D183-4AB0-AD84-B6E311DC1877}.Debug|Any CPU.Build.0 = Debug|Any CPU
		{58CD3D6D-D183-4AB0-AD84-B6E311DC1877}.Release|Any CPU.ActiveCfg = Release|Any CPU
		{58CD3D6D-D183-4AB0-AD84-B6E311DC1877}.Release|Any CPU.Build.0 = Release|Any CPU
		{1C8C5443-17FB-49EE-A4E6-18E2A4216754}.Debug|Any CPU.ActiveCfg = Debug|Any CPU
		{1C8C5443-17FB-49EE-A4E6-18E2A4216754}.Debug|Any CPU.Build.0 = Debug|Any CPU
		{1C8C5443-17FB-49EE-A4E6-18E2A4216754}.Release|Any CPU.ActiveCfg = Release|Any CPU
		{1C8C5443-17FB-49EE-A4E6-18E2A4216754}.Release|Any CPU.Build.0 = Release|Any CPU
	EndGlobalSection
	GlobalSection(SolutionProperties) = preSolution
		HideSolutionNode = FALSE
	EndGlobalSection
	GlobalSection(ExtensibilityGlobals) = postSolution
		SolutionGuid = {CA61B6FF-7AB1-405A-8E11-99E51ED3AB4E}
	EndGlobalSection
EndGlobal
