
Microsoft Visual Studio Solution File, Format Version 12.00
# Visual Studio Version 16
VisualStudioVersion = 16.0.30002.166
MinimumVisualStudioVersion = 10.0.40219.1
Project("{FAE04EC0-301F-11D3-BF4B-00C04F79EFBC}") = "1.2使用CSharp创建线程", "1.2使用CSharp创建线程\1.2使用CSharp创建线程\1.2使用CSharp创建线程.csproj", "{30235E5E-951B-464B-A5B8-BBEE0A1661B2}"
EndProject
Project("{FAE04EC0-301F-11D3-BF4B-00C04F79EFBC}") = "1.4.2线程等待", "1.4.2线程等待\1.4.2线程等待.csproj", "{E19781ED-F32E-46AC-9C58-7C2F57FBBCBD}"
EndProject
Project("{FAE04EC0-301F-11D3-BF4B-00C04F79EFBC}") = "1.5.3终止线程(不推荐)", "1.5.3终止线程(不推荐)\1.5.3终止线程(不推荐).csproj", "{7BA16F2D-83F2-4EDB-8131-D090ED7CB39E}"
EndProject
Project("{FAE04EC0-301F-11D3-BF4B-00C04F79EFBC}") = "1.6检测线程状态", "1.6检测线程状态\1.6检测线程状态\1.6检测线程状态.csproj", "{C78902EA-ADEC-4B4C-871B-6D99C087A8D1}"
EndProject
Global
	GlobalSection(SolutionConfigurationPlatforms) = preSolution
		Debug|Any CPU = Debug|Any CPU
		Release|Any CPU = Release|Any CPU
	EndGlobalSection
	GlobalSection(ProjectConfigurationPlatforms) = postSolution
		{30235E5E-951B-464B-A5B8-BBEE0A1661B2}.Debug|Any CPU.ActiveCfg = Debug|Any CPU
		{30235E5E-951B-464B-A5B8-BBEE0A1661B2}.Debug|Any CPU.Build.0 = Debug|Any CPU
		{30235E5E-951B-464B-A5B8-BBEE0A1661B2}.Release|Any CPU.ActiveCfg = Release|Any CPU
		{30235E5E-951B-464B-A5B8-BBEE0A1661B2}.Release|Any CPU.Build.0 = Release|Any CPU
		{E19781ED-F32E-46AC-9C58-7C2F57FBBCBD}.Debug|Any CPU.ActiveCfg = Debug|Any CPU
		{E19781ED-F32E-46AC-9C58-7C2F57FBBCBD}.Debug|Any CPU.Build.0 = Debug|Any CPU
		{E19781ED-F32E-46AC-9C58-7C2F57FBBCBD}.Release|Any CPU.ActiveCfg = Release|Any CPU
		{E19781ED-F32E-46AC-9C58-7C2F57FBBCBD}.Release|Any CPU.Build.0 = Release|Any CPU
		{7BA16F2D-83F2-4EDB-8131-D090ED7CB39E}.Debug|Any CPU.ActiveCfg = Debug|Any CPU
		{7BA16F2D-83F2-4EDB-8131-D090ED7CB39E}.Debug|Any CPU.Build.0 = Debug|Any CPU
		{7BA16F2D-83F2-4EDB-8131-D090ED7CB39E}.Release|Any CPU.ActiveCfg = Release|Any CPU
		{7BA16F2D-83F2-4EDB-8131-D090ED7CB39E}.Release|Any CPU.Build.0 = Release|Any CPU
		{C78902EA-ADEC-4B4C-871B-6D99C087A8D1}.Debug|Any CPU.ActiveCfg = Debug|Any CPU
		{C78902EA-ADEC-4B4C-871B-6D99C087A8D1}.Debug|Any CPU.Build.0 = Debug|Any CPU
		{C78902EA-ADEC-4B4C-871B-6D99C087A8D1}.Release|Any CPU.ActiveCfg = Release|Any CPU
		{C78902EA-ADEC-4B4C-871B-6D99C087A8D1}.Release|Any CPU.Build.0 = Release|Any CPU
	EndGlobalSection
	GlobalSection(SolutionProperties) = preSolution
		HideSolutionNode = FALSE
	EndGlobalSection
	GlobalSection(ExtensibilityGlobals) = postSolution
		SolutionGuid = {CA61B6FF-7AB1-405A-8E11-99E51ED3AB4E}
	EndGlobalSection
EndGlobal
