
Microsoft Visual Studio Solution File, Format Version 12.00
# Visual Studio Version 16
VisualStudioVersion = 16.0.30002.166
MinimumVisualStudioVersion = 10.0.40219.1
Project("{FAE04EC0-301F-11D3-BF4B-00C04F79EFBC}") = "线性表_链式存储结构", "链表结构\线性表_链式存储结构.csproj", "{82C9405E-66D6-4F51-9B09-7FA7424D5937}"
EndProject
Project("{FAE04EC0-301F-11D3-BF4B-00C04F79EFBC}") = "顺序栈存储结构", "顺序栈存储结构\顺序栈存储结构.csproj", "{A8A824DA-205E-45EE-A436-CADF2DAC413B}"
EndProject
Project("{FAE04EC0-301F-11D3-BF4B-00C04F79EFBC}") = "链式栈存储结构", "链式栈存储结构\链式栈存储结构.csproj", "{DF08A139-F9EC-4B9A-9D19-186F2603B843}"
EndProject
Project("{FAE04EC0-301F-11D3-BF4B-00C04F79EFBC}") = "栈的应用_四则运算", "栈的应用_四则运算\栈的应用_四则运算.csproj", "{403FD44C-695C-473F-8331-019000E03F1D}"
EndProject
Global
	GlobalSection(SolutionConfigurationPlatforms) = preSolution
		Debug|Any CPU = Debug|Any CPU
		Release|Any CPU = Release|Any CPU
	EndGlobalSection
	GlobalSection(ProjectConfigurationPlatforms) = postSolution
		{82C9405E-66D6-4F51-9B09-7FA7424D5937}.Debug|Any CPU.ActiveCfg = Debug|Any CPU
		{82C9405E-66D6-4F51-9B09-7FA7424D5937}.Debug|Any CPU.Build.0 = Debug|Any CPU
		{82C9405E-66D6-4F51-9B09-7FA7424D5937}.Release|Any CPU.ActiveCfg = Release|Any CPU
		{82C9405E-66D6-4F51-9B09-7FA7424D5937}.Release|Any CPU.Build.0 = Release|Any CPU
		{A8A824DA-205E-45EE-A436-CADF2DAC413B}.Debug|Any CPU.ActiveCfg = Debug|Any CPU
		{A8A824DA-205E-45EE-A436-CADF2DAC413B}.Debug|Any CPU.Build.0 = Debug|Any CPU
		{A8A824DA-205E-45EE-A436-CADF2DAC413B}.Release|Any CPU.ActiveCfg = Release|Any CPU
		{A8A824DA-205E-45EE-A436-CADF2DAC413B}.Release|Any CPU.Build.0 = Release|Any CPU
		{DF08A139-F9EC-4B9A-9D19-186F2603B843}.Debug|Any CPU.ActiveCfg = Debug|Any CPU
		{DF08A139-F9EC-4B9A-9D19-186F2603B843}.Debug|Any CPU.Build.0 = Debug|Any CPU
		{DF08A139-F9EC-4B9A-9D19-186F2603B843}.Release|Any CPU.ActiveCfg = Release|Any CPU
		{DF08A139-F9EC-4B9A-9D19-186F2603B843}.Release|Any CPU.Build.0 = Release|Any CPU
		{403FD44C-695C-473F-8331-019000E03F1D}.Debug|Any CPU.ActiveCfg = Debug|Any CPU
		{403FD44C-695C-473F-8331-019000E03F1D}.Debug|Any CPU.Build.0 = Debug|Any CPU
		{403FD44C-695C-473F-8331-019000E03F1D}.Release|Any CPU.ActiveCfg = Release|Any CPU
		{403FD44C-695C-473F-8331-019000E03F1D}.Release|Any CPU.Build.0 = Release|Any CPU
	EndGlobalSection
	GlobalSection(SolutionProperties) = preSolution
		HideSolutionNode = FALSE
	EndGlobalSection
	GlobalSection(ExtensibilityGlobals) = postSolution
		SolutionGuid = {8557E24E-B035-46E1-B01D-C570D77D17F5}
	EndGlobalSection
EndGlobal
